// !$*UTF8*$!
{
	archiveVersion = 1;
	classes = {
	};
	objectVersion = 56;
	objects = {

/* Begin PBXBuildFile section */
		2A54958EFC111CBFDBDAE568 /* Pods_LoginFireBaseAsgm.framework in Frameworks */ = {isa = PBXBuildFile; fileRef = 58CEC00FC0C6918A0E9451B1 /* Pods_LoginFireBaseAsgm.framework */; };
		CE9D52D22CEB833200924095 /* AppDelegate.swift in Sources */ = {isa = PBXBuildFile; fileRef = CE9D52D12CEB833200924095 /* AppDelegate.swift */; };
		CE9D52D42CEB833200924095 /* SceneDelegate.swift in Sources */ = {isa = PBXBuildFile; fileRef = CE9D52D32CEB833200924095 /* SceneDelegate.swift */; };
		CE9D52D62CEB833200924095 /* LoginViewController.swift in Sources */ = {isa = PBXBuildFile; fileRef = CE9D52D52CEB833200924095 /* LoginViewController.swift */; };
		CE9D52D92CEB833200924095 /* Base in Resources */ = {isa = PBXBuildFile; fileRef = CE9D52D82CEB833200924095 /* Base */; };
		CE9D52DB2CEB833400924095 /* Assets.xcassets in Resources */ = {isa = PBXBuildFile; fileRef = CE9D52DA2CEB833400924095 /* Assets.xcassets */; };
		CE9D52DE2CEB833400924095 /* Base in Resources */ = {isa = PBXBuildFile; fileRef = CE9D52DD2CEB833400924095 /* Base */; };
		CE9D52E72CEB83FC00924095 /* RegisterViewController.swift in Sources */ = {isa = PBXBuildFile; fileRef = CE9D52E62CEB83FC00924095 /* RegisterViewController.swift */; };
		CE9D52E92CEB844C00924095 /* ConversationViewController.swift in Sources */ = {isa = PBXBuildFile; fileRef = CE9D52E82CEB844C00924095 /* ConversationViewController.swift */; };
		CE9D52ED2CEB992700924095 /* GoogleService-Info.plist in Resources */ = {isa = PBXBuildFile; fileRef = CE9D52EC2CEB992700924095 /* GoogleService-Info.plist */; };
/* End PBXBuildFile section */

/* Begin PBXFileReference section */
		2D2D80D553C41853159B98DA /* Pods-LoginFireBaseAsgm.debug.xcconfig */ = {isa = PBXFileReference; includeInIndex = 1; lastKnownFileType = text.xcconfig; name = "Pods-LoginFireBaseAsgm.debug.xcconfig"; path = "Target Support Files/Pods-LoginFireBaseAsgm/Pods-LoginFireBaseAsgm.debug.xcconfig"; sourceTree = "<group>"; };
		58CEC00FC0C6918A0E9451B1 /* Pods_LoginFireBaseAsgm.framework */ = {isa = PBXFileReference; explicitFileType = wrapper.framework; includeInIndex = 0; path = Pods_LoginFireBaseAsgm.framework; sourceTree = BUILT_PRODUCTS_DIR; };
		CE9D52CE2CEB833200924095 /* LoginFireBaseAsgm.app */ = {isa = PBXFileReference; explicitFileType = wrapper.application; includeInIndex = 0; path = LoginFireBaseAsgm.app; sourceTree = BUILT_PRODUCTS_DIR; };
		CE9D52D12CEB833200924095 /* AppDelegate.swift */ = {isa = PBXFileReference; lastKnownFileType = sourcecode.swift; path = AppDelegate.swift; sourceTree = "<group>"; };
		CE9D52D32CEB833200924095 /* SceneDelegate.swift */ = {isa = PBXFileReference; lastKnownFileType = sourcecode.swift; path = SceneDelegate.swift; sourceTree = "<group>"; };
		CE9D52D52CEB833200924095 /* LoginViewController.swift */ = {isa = PBXFileReference; lastKnownFileType = sourcecode.swift; path = LoginViewController.swift; sourceTree = "<group>"; };
		CE9D52D82CEB833200924095 /* Base */ = {isa = PBXFileReference; lastKnownFileType = file.storyboard; name = Base; path = Base.lproj/Main.storyboard; sourceTree = "<group>"; };
		CE9D52DA2CEB833400924095 /* Assets.xcassets */ = {isa = PBXFileReference; lastKnownFileType = folder.assetcatalog; path = Assets.xcassets; sourceTree = "<group>"; };
		CE9D52DD2CEB833400924095 /* Base */ = {isa = PBXFileReference; lastKnownFileType = file.storyboard; name = Base; path = Base.lproj/LaunchScreen.storyboard; sourceTree = "<group>"; };
		CE9D52DF2CEB833400924095 /* Info.plist */ = {isa = PBXFileReference; lastKnownFileType = text.plist.xml; path = Info.plist; sourceTree = "<group>"; };
		CE9D52E62CEB83FC00924095 /* RegisterViewController.swift */ = {isa = PBXFileReference; lastKnownFileType = sourcecode.swift; path = RegisterViewController.swift; sourceTree = "<group>"; };
		CE9D52E82CEB844C00924095 /* ConversationViewController.swift */ = {isa = PBXFileReference; lastKnownFileType = sourcecode.swift; path = ConversationViewController.swift; sourceTree = "<group>"; };
		CE9D52EC2CEB992700924095 /* GoogleService-Info.plist */ = {isa = PBXFileReference; fileEncoding = 4; lastKnownFileType = text.plist.xml; name = "GoogleService-Info.plist"; path = "../../../../../Downloads/GoogleService-Info.plist"; sourceTree = "<group>"; };
		CE9D52EE2CEB9ED300924095 /* LoginFireBaseAsgm.entitlements */ = {isa = PBXFileReference; lastKnownFileType = text.plist.entitlements; path = LoginFireBaseAsgm.entitlements; sourceTree = "<group>"; };
		F0A82AF880BE1A44408C0784 /* Pods-LoginFireBaseAsgm.release.xcconfig */ = {isa = PBXFileReference; includeInIndex = 1; lastKnownFileType = text.xcconfig; name = "Pods-LoginFireBaseAsgm.release.xcconfig"; path = "Target Support Files/Pods-LoginFireBaseAsgm/Pods-LoginFireBaseAsgm.release.xcconfig"; sourceTree = "<group>"; };
/* End PBXFileReference section */

/* Begin PBXFrameworksBuildPhase section */
		CE9D52CB2CEB833200924095 /* Frameworks */ = {
			isa = PBXFrameworksBuildPhase;
			buildActionMask = 2147483647;
			files = (
				2A54958EFC111CBFDBDAE568 /* Pods_LoginFireBaseAsgm.framework in Frameworks */,
			);
			runOnlyForDeploymentPostprocessing = 0;
		};
/* End PBXFrameworksBuildPhase section */

/* Begin PBXGroup section */
		4D61528135170603FCBA8F95 /* Frameworks */ = {
			isa = PBXGroup;
			children = (
				58CEC00FC0C6918A0E9451B1 /* Pods_LoginFireBaseAsgm.framework */,
			);
			name = Frameworks;
			sourceTree = "<group>";
		};
		CE9D52C52CEB833200924095 = {
			isa = PBXGroup;
			children = (
				CE9D52D02CEB833200924095 /* LoginFireBaseAsgm */,
				CE9D52CF2CEB833200924095 /* Products */,
				E60D21AEE73FA76A4A93055C /* Pods */,
				4D61528135170603FCBA8F95 /* Frameworks */,
			);
			sourceTree = "<group>";
		};
		CE9D52CF2CEB833200924095 /* Products */ = {
			isa = PBXGroup;
			children = (
				CE9D52CE2CEB833200924095 /* LoginFireBaseAsgm.app */,
			);
			name = Products;
			sourceTree = "<group>";
		};
		CE9D52D02CEB833200924095 /* LoginFireBaseAsgm */ = {
			isa = PBXGroup;
			children = (
				CE9D52EE2CEB9ED300924095 /* LoginFireBaseAsgm.entitlements */,
				CE9D52E82CEB844C00924095 /* ConversationViewController.swift */,
				CE9D52D52CEB833200924095 /* LoginViewController.swift */,
				CE9D52E62CEB83FC00924095 /* RegisterViewController.swift */,
				CE9D52D72CEB833200924095 /* Main.storyboard */,
				CE9D52E52CEB83AE00924095 /* Supporting Files */,
				CE9D52DF2CEB833400924095 /* Info.plist */,
				CE9D52EC2CEB992700924095 /* GoogleService-Info.plist */,
			);
			path = LoginFireBaseAsgm;
			sourceTree = "<group>";
		};
		CE9D52E52CEB83AE00924095 /* Supporting Files */ = {
			isa = PBXGroup;
			children = (
				CE9D52D12CEB833200924095 /* AppDelegate.swift */,
				CE9D52D32CEB833200924095 /* SceneDelegate.swift */,
				CE9D52DA2CEB833400924095 /* Assets.xcassets */,
				CE9D52DC2CEB833400924095 /* LaunchScreen.storyboard */,
			);
			path = "Supporting Files";
			sourceTree = "<group>";
		};
		E60D21AEE73FA76A4A93055C /* Pods */ = {
			isa = PBXGroup;
			children = (
				2D2D80D553C41853159B98DA /* Pods-LoginFireBaseAsgm.debug.xcconfig */,
				F0A82AF880BE1A44408C0784 /* Pods-LoginFireBaseAsgm.release.xcconfig */,
			);
			path = Pods;
			sourceTree = "<group>";
		};
/* End PBXGroup section */

/* Begin PBXNativeTarget section */
		CE9D52CD2CEB833200924095 /* LoginFireBaseAsgm */ = {
			isa = PBXNativeTarget;
			buildConfigurationList = CE9D52E22CEB833400924095 /* Build configuration list for PBXNativeTarget "LoginFireBaseAsgm" */;
			buildPhases = (
				98C2D7BA8405ECBB85E77017 /* [CP] Check Pods Manifest.lock */,
				CE9D52CA2CEB833200924095 /* Sources */,
				CE9D52CB2CEB833200924095 /* Frameworks */,
				CE9D52CC2CEB833200924095 /* Resources */,
				7ADD77E4BDA17B170187701A /* [CP] Embed Pods Frameworks */,
			);
			buildRules = (
			);
			dependencies = (
			);
			name = LoginFireBaseAsgm;
			productName = LoginFireBaseAsgm;
			productReference = CE9D52CE2CEB833200924095 /* LoginFireBaseAsgm.app */;
			productType = "com.apple.product-type.application";
		};
/* End PBXNativeTarget section */

/* Begin PBXProject section */
		CE9D52C62CEB833200924095 /* Project object */ = {
			isa = PBXProject;
			attributes = {
				BuildIndependentTargetsInParallel = 1;
				LastSwiftUpdateCheck = 1540;
				LastUpgradeCheck = 1540;
				TargetAttributes = {
					CE9D52CD2CEB833200924095 = {
						CreatedOnToolsVersion = 15.4;
					};
				};
			};
			buildConfigurationList = CE9D52C92CEB833200924095 /* Build configuration list for PBXProject "LoginFireBaseAsgm" */;
			compatibilityVersion = "Xcode 14.0";
			developmentRegion = en;
			hasScannedForEncodings = 0;
			knownRegions = (
				en,
				Base,
			);
			mainGroup = CE9D52C52CEB833200924095;
			productRefGroup = CE9D52CF2CEB833200924095 /* Products */;
			projectDirPath = "";
			projectRoot = "";
			targets = (
				CE9D52CD2CEB833200924095 /* LoginFireBaseAsgm */,
			);
		};
/* End PBXProject section */

/* Begin PBXResourcesBuildPhase section */
		CE9D52CC2CEB833200924095 /* Resources */ = {
			isa = PBXResourcesBuildPhase;
			buildActionMask = 2147483647;
			files = (
				CE9D52DB2CEB833400924095 /* Assets.xcassets in Resources */,
				CE9D52ED2CEB992700924095 /* GoogleService-Info.plist in Resources */,
				CE9D52DE2CEB833400924095 /* Base in Resources */,
				CE9D52D92CEB833200924095 /* Base in Resources */,
			);
			runOnlyForDeploymentPostprocessing = 0;
		};
/* End PBXResourcesBuildPhase section */

/* Begin PBXShellScriptBuildPhase section */
		7ADD77E4BDA17B170187701A /* [CP] Embed Pods Frameworks */ = {
			isa = PBXShellScriptBuildPhase;
			buildActionMask = 2147483647;
			files = (
			);
			inputFileListPaths = (
				"${PODS_ROOT}/Target Support Files/Pods-LoginFireBaseAsgm/Pods-LoginFireBaseAsgm-frameworks-${CONFIGURATION}-input-files.xcfilelist",
			);
			name = "[CP] Embed Pods Frameworks";
			outputFileListPaths = (
				"${PODS_ROOT}/Target Support Files/Pods-LoginFireBaseAsgm/Pods-LoginFireBaseAsgm-frameworks-${CONFIGURATION}-output-files.xcfilelist",
			);
			runOnlyForDeploymentPostprocessing = 0;
			shellPath = /bin/sh;
			shellScript = "\"${PODS_ROOT}/Target Support Files/Pods-LoginFireBaseAsgm/Pods-LoginFireBaseAsgm-frameworks.sh\"\n";
			showEnvVarsInLog = 0;
		};
		98C2D7BA8405ECBB85E77017 /* [CP] Check Pods Manifest.lock */ = {
			isa = PBXShellScriptBuildPhase;
			buildActionMask = 2147483647;
			files = (
			);
			inputFileListPaths = (
			);
			inputPaths = (
				"${PODS_PODFILE_DIR_PATH}/Podfile.lock",
				"${PODS_ROOT}/Manifest.lock",
			);
			name = "[CP] Check Pods Manifest.lock";
			outputFileListPaths = (
			);
			outputPaths = (
				"$(DERIVED_FILE_DIR)/Pods-LoginFireBaseAsgm-checkManifestLockResult.txt",
			);
			runOnlyForDeploymentPostprocessing = 0;
			shellPath = /bin/sh;
			shellScript = "diff \"${PODS_PODFILE_DIR_PATH}/Podfile.lock\" \"${PODS_ROOT}/Manifest.lock\" > /dev/null\nif [ $? != 0 ] ; then\n    # print error to STDERR\n    echo \"error: The sandbox is not in sync with the Podfile.lock. Run 'pod install' or update your CocoaPods installation.\" >&2\n    exit 1\nfi\n# This output is used by Xcode 'outputs' to avoid re-running this script phase.\necho \"SUCCESS\" > \"${SCRIPT_OUTPUT_FILE_0}\"\n";
			showEnvVarsInLog = 0;
		};
/* End PBXShellScriptBuildPhase section */

/* Begin PBXSourcesBuildPhase section */
		CE9D52CA2CEB833200924095 /* Sources */ = {
			isa = PBXSourcesBuildPhase;
			buildActionMask = 2147483647;
			files = (
				CE9D52D62CEB833200924095 /* LoginViewController.swift in Sources */,
				CE9D52D22CEB833200924095 /* AppDelegate.swift in Sources */,
				CE9D52E92CEB844C00924095 /* ConversationViewController.swift in Sources */,
				CE9D52D42CEB833200924095 /* SceneDelegate.swift in Sources */,
				CE9D52E72CEB83FC00924095 /* RegisterViewController.swift in Sources */,
			);
			runOnlyForDeploymentPostprocessing = 0;
		};
/* End PBXSourcesBuildPhase section */

/* Begin PBXVariantGroup section */
		CE9D52D72CEB833200924095 /* Main.storyboard */ = {
			isa = PBXVariantGroup;
			children = (
				CE9D52D82CEB833200924095 /* Base */,
			);
			name = Main.storyboard;
			sourceTree = "<group>";
		};
		CE9D52DC2CEB833400924095 /* LaunchScreen.storyboard */ = {
			isa = PBXVariantGroup;
			children = (
				CE9D52DD2CEB833400924095 /* Base */,
			);
			name = LaunchScreen.storyboard;
			sourceTree = "<group>";
		};
/* End PBXVariantGroup section */

/* Begin XCBuildConfiguration section */
		CE9D52E02CEB833400924095 /* Debug */ = {
			isa = XCBuildConfiguration;
			buildSettings = {
				ALWAYS_SEARCH_USER_PATHS = NO;
				ASSETCATALOG_COMPILER_GENERATE_SWIFT_ASSET_SYMBOL_EXTENSIONS = YES;
				CLANG_ANALYZER_NONNULL = YES;
				CLANG_ANALYZER_NUMBER_OBJECT_CONVERSION = YES_AGGRESSIVE;
				CLANG_CXX_LANGUAGE_STANDARD = "gnu++20";
				CLANG_ENABLE_MODULES = YES;
				CLANG_ENABLE_OBJC_ARC = YES;
				CLANG_ENABLE_OBJC_WEAK = YES;
				CLANG_WARN_BLOCK_CAPTURE_AUTORELEASING = YES;
				CLANG_WARN_BOOL_CONVERSION = YES;
				CLANG_WARN_COMMA = YES;
				CLANG_WARN_CONSTANT_CONVERSION = YES;
				CLANG_WARN_DEPRECATED_OBJC_IMPLEMENTATIONS = YES;
				CLANG_WARN_DIRECT_OBJC_ISA_USAGE = YES_ERROR;
				CLANG_WARN_DOCUMENTATION_COMMENTS = YES;
				CLANG_WARN_EMPTY_BODY = YES;
				CLANG_WARN_ENUM_CONVERSION = YES;
				CLANG_WARN_INFINITE_RECURSION = YES;
				CLANG_WARN_INT_CONVERSION = YES;
				CLANG_WARN_NON_LITERAL_NULL_CONVERSION = YES;
				CLANG_WARN_OBJC_IMPLICIT_RETAIN_SELF = YES;
				CLANG_WARN_OBJC_LITERAL_CONVERSION = YES;
				CLANG_WARN_OBJC_ROOT_CLASS = YES_ERROR;
				CLANG_WARN_QUOTED_INCLUDE_IN_FRAMEWORK_HEADER = YES;
				CLANG_WARN_RANGE_LOOP_ANALYSIS = YES;
				CLANG_WARN_STRICT_PROTOTYPES = YES;
				CLANG_WARN_SUSPICIOUS_MOVE = YES;
				CLANG_WARN_UNGUARDED_AVAILABILITY = YES_AGGRESSIVE;
				CLANG_WARN_UNREACHABLE_CODE = YES;
				CLANG_WARN__DUPLICATE_METHOD_MATCH = YES;
				COPY_PHASE_STRIP = NO;
				DEBUG_INFORMATION_FORMAT = dwarf;
				ENABLE_STRICT_OBJC_MSGSEND = YES;
				ENABLE_TESTABILITY = YES;
				ENABLE_USER_SCRIPT_SANDBOXING = NO;
				GCC_C_LANGUAGE_STANDARD = gnu17;
				GCC_DYNAMIC_NO_PIC = NO;
				GCC_NO_COMMON_BLOCKS = YES;
				GCC_OPTIMIZATION_LEVEL = 0;
				GCC_PREPROCESSOR_DEFINITIONS = (
					"DEBUG=1",
					"$(inherited)",
				);
				GCC_WARN_64_TO_32_BIT_CONVERSION = YES;
				GCC_WARN_ABOUT_RETURN_TYPE = YES_ERROR;
				GCC_WARN_UNDECLARED_SELECTOR = YES;
				GCC_WARN_UNINITIALIZED_AUTOS = YES_AGGRESSIVE;
				GCC_WARN_UNUSED_FUNCTION = YES;
				GCC_WARN_UNUSED_VARIABLE = YES;
				IPHONEOS_DEPLOYMENT_TARGET = 17.5;
				LOCALIZATION_PREFERS_STRING_CATALOGS = YES;
				MTL_ENABLE_DEBUG_INFO = INCLUDE_SOURCE;
				MTL_FAST_MATH = YES;
				ONLY_ACTIVE_ARCH = YES;
				SDKROOT = iphoneos;
				SWIFT_ACTIVE_COMPILATION_CONDITIONS = "DEBUG $(inherited)";
				SWIFT_OPTIMIZATION_LEVEL = "-Onone";
			};
			name = Debug;
		};
		CE9D52E12CEB833400924095 /* Release */ = {
			isa = XCBuildConfiguration;
			buildSettings = {
				ALWAYS_SEARCH_USER_PATHS = NO;
				ASSETCATALOG_COMPILER_GENERATE_SWIFT_ASSET_SYMBOL_EXTENSIONS = YES;
				CLANG_ANALYZER_NONNULL = YES;
				CLANG_ANALYZER_NUMBER_OBJECT_CONVERSION = YES_AGGRESSIVE;
				CLANG_CXX_LANGUAGE_STANDARD = "gnu++20";
				CLANG_ENABLE_MODULES = YES;
				CLANG_ENABLE_OBJC_ARC = YES;
				CLANG_ENABLE_OBJC_WEAK = YES;
				CLANG_WARN_BLOCK_CAPTURE_AUTORELEASING = YES;
				CLANG_WARN_BOOL_CONVERSION = YES;
				CLANG_WARN_COMMA = YES;
				CLANG_WARN_CONSTANT_CONVERSION = YES;
				CLANG_WARN_DEPRECATED_OBJC_IMPLEMENTATIONS = YES;
				CLANG_WARN_DIRECT_OBJC_ISA_USAGE = YES_ERROR;
				CLANG_WARN_DOCUMENTATION_COMMENTS = YES;
				CLANG_WARN_EMPTY_BODY = YES;
				CLANG_WARN_ENUM_CONVERSION = YES;
				CLANG_WARN_INFINITE_RECURSION = YES;
				CLANG_WARN_INT_CONVERSION = YES;
				CLANG_WARN_NON_LITERAL_NULL_CONVERSION = YES;
				CLANG_WARN_OBJC_IMPLICIT_RETAIN_SELF = YES;
				CLANG_WARN_OBJC_LITERAL_CONVERSION = YES;
				CLANG_WARN_OBJC_ROOT_CLASS = YES_ERROR;
				CLANG_WARN_QUOTED_INCLUDE_IN_FRAMEWORK_HEADER = YES;
				CLANG_WARN_RANGE_LOOP_ANALYSIS = YES;
				CLANG_WARN_STRICT_PROTOTYPES = YES;
				CLANG_WARN_SUSPICIOUS_MOVE = YES;
				CLANG_WARN_UNGUARDED_AVAILABILITY = YES_AGGRESSIVE;
				CLANG_WARN_UNREACHABLE_CODE = YES;
				CLANG_WARN__DUPLICATE_METHOD_MATCH = YES;
				COPY_PHASE_STRIP = NO;
				DEBUG_INFORMATION_FORMAT = "dwarf-with-dsym";
				ENABLE_NS_ASSERTIONS = NO;
				ENABLE_STRICT_OBJC_MSGSEND = YES;
				ENABLE_USER_SCRIPT_SANDBOXING = NO;
				GCC_C_LANGUAGE_STANDARD = gnu17;
				GCC_NO_COMMON_BLOCKS = YES;
				GCC_WARN_64_TO_32_BIT_CONVERSION = YES;
				GCC_WARN_ABOUT_RETURN_TYPE = YES_ERROR;
				GCC_WARN_UNDECLARED_SELECTOR = YES;
				GCC_WARN_UNINITIALIZED_AUTOS = YES_AGGRESSIVE;
				GCC_WARN_UNUSED_FUNCTION = YES;
				GCC_WARN_UNUSED_VARIABLE = YES;
				IPHONEOS_DEPLOYMENT_TARGET = 17.5;
				LOCALIZATION_PREFERS_STRING_CATALOGS = YES;
				MTL_ENABLE_DEBUG_INFO = NO;
				MTL_FAST_MATH = YES;
				SDKROOT = iphoneos;
				SWIFT_COMPILATION_MODE = wholemodule;
				VALIDATE_PRODUCT = YES;
			};
			name = Release;
		};
		CE9D52E32CEB833400924095 /* Debug */ = {
			isa = XCBuildConfiguration;
			baseConfigurationReference = 2D2D80D553C41853159B98DA /* Pods-LoginFireBaseAsgm.debug.xcconfig */;
			buildSettings = {
				ASSETCATALOG_COMPILER_APPICON_NAME = AppIcon;
				ASSETCATALOG_COMPILER_GLOBAL_ACCENT_COLOR_NAME = AccentColor;
				CODE_SIGN_ENTITLEMENTS = LoginFireBaseAsgm/LoginFireBaseAsgm.entitlements;
				CODE_SIGN_STYLE = Automatic;
				CURRENT_PROJECT_VERSION = 1;
				DEVELOPMENT_TEAM = G3MNC49L9V;
				GENERATE_INFOPLIST_FILE = YES;
				INFOPLIST_FILE = LoginFireBaseAsgm/Info.plist;
				INFOPLIST_KEY_UIApplicationSupportsIndirectInputEvents = YES;
				INFOPLIST_KEY_UILaunchStoryboardName = LaunchScreen;
				INFOPLIST_KEY_UIMainStoryboardFile = Main;
				INFOPLIST_KEY_UISupportedInterfaceOrientations_iPad = "UIInterfaceOrientationPortrait UIInterfaceOrientationPortraitUpsideDown UIInterfaceOrientationLandscapeLeft UIInterfaceOrientationLandscapeRight";
				INFOPLIST_KEY_UISupportedInterfaceOrientations_iPhone = "UIInterfaceOrientationPortrait UIInterfaceOrientationLandscapeLeft UIInterfaceOrientationLandscapeRight";
				LD_RUNPATH_SEARCH_PATHS = (
					"$(inherited)",
					"@executable_path/Frameworks",
				);
				MARKETING_VERSION = 1.0;
				PRODUCT_BUNDLE_IDENTIFIER = com.lynnguyen.LoginFireBaseAsgm;
				PRODUCT_NAME = "$(TARGET_NAME)";
				SWIFT_EMIT_LOC_STRINGS = YES;
				SWIFT_VERSION = 5.0;
				TARGETED_DEVICE_FAMILY = "1,2";
			};
			name = Debug;
		};
		CE9D52E42CEB833400924095 /* Release */ = {
			isa = XCBuildConfiguration;
			baseConfigurationReference = F0A82AF880BE1A44408C0784 /* Pods-LoginFireBaseAsgm.release.xcconfig */;
			buildSettings = {
				ASSETCATALOG_COMPILER_APPICON_NAME = AppIcon;
				ASSETCATALOG_COMPILER_GLOBAL_ACCENT_COLOR_NAME = AccentColor;
				CODE_SIGN_ENTITLEMENTS = LoginFireBaseAsgm/LoginFireBaseAsgm.entitlements;
				CODE_SIGN_STYLE = Automatic;
				CURRENT_PROJECT_VERSION = 1;
				DEVELOPMENT_TEAM = G3MNC49L9V;
				GENERATE_INFOPLIST_FILE = YES;
				INFOPLIST_FILE = LoginFireBaseAsgm/Info.plist;
				INFOPLIST_KEY_UIApplicationSupportsIndirectInputEvents = YES;
				INFOPLIST_KEY_UILaunchStoryboardName = LaunchScreen;
				INFOPLIST_KEY_UIMainStoryboardFile = Main;
				INFOPLIST_KEY_UISupportedInterfaceOrientations_iPad = "UIInterfaceOrientationPortrait UIInterfaceOrientationPortraitUpsideDown UIInterfaceOrientationLandscapeLeft UIInterfaceOrientationLandscapeRight";
				INFOPLIST_KEY_UISupportedInterfaceOrientations_iPhone = "UIInterfaceOrientationPortrait UIInterfaceOrientationLandscapeLeft UIInterfaceOrientationLandscapeRight";
				LD_RUNPATH_SEARCH_PATHS = (
					"$(inherited)",
					"@executable_path/Frameworks",
				);
				MARKETING_VERSION = 1.0;
				PRODUCT_BUNDLE_IDENTIFIER = com.lynnguyen.LoginFireBaseAsgm;
				PRODUCT_NAME = "$(TARGET_NAME)";
				SWIFT_EMIT_LOC_STRINGS = YES;
				SWIFT_VERSION = 5.0;
				TARGETED_DEVICE_FAMILY = "1,2";
			};
			name = Release;
		};
/* End XCBuildConfiguration section */

/* Begin XCConfigurationList section */
		CE9D52C92CEB833200924095 /* Build configuration list for PBXProject "LoginFireBaseAsgm" */ = {
			isa = XCConfigurationList;
			buildConfigurations = (
				CE9D52E02CEB833400924095 /* Debug */,
				CE9D52E12CEB833400924095 /* Release */,
			);
			defaultConfigurationIsVisible = 0;
			defaultConfigurationName = Release;
		};
		CE9D52E22CEB833400924095 /* Build configuration list for PBXNativeTarget "LoginFireBaseAsgm" */ = {
			isa = XCConfigurationList;
			buildConfigurations = (
				CE9D52E32CEB833400924095 /* Debug */,
				CE9D52E42CEB833400924095 /* Release */,
			);
			defaultConfigurationIsVisible = 0;
			defaultConfigurationName = Release;
		};
/* End XCConfigurationList section */
	};
	rootObject = CE9D52C62CEB833200924095 /* Project object */;
}
